
Microsoft Visual Studio Solution File, Format Version 12.00
# Visual Studio Version 16
VisualStudioVersion = 16.0.30611.23
MinimumVisualStudioVersion = 10.0.40219.1
Project("{FAE04EC0-301F-11D3-BF4B-00C04F79EFBC}") = "Presentation Layer", "Presentation Layer\Presentation Layer.csproj", "{B4365B9B-F7E1-4692-9CFA-B1ED44983DFA}"
EndProject
Project("{9A19103F-16F7-4668-BE54-9A1E7A4F7556}") = "Buniness Objects", "Buniness Objects\Buniness Objects.csproj", "{68A809F4-A742-479B-8B46-5DE435FB3B84}"
EndProject
Project("{9A19103F-16F7-4668-BE54-9A1E7A4F7556}") = "Business Rules", "Business Rules\Business Rules.csproj", "{CAA9018D-6FE8-4E1C-A8DC-BA79C911C268}"
EndProject
Project("{9A19103F-16F7-4668-BE54-9A1E7A4F7556}") = "Data Layer", "Data Layer\Data Layer.csproj", "{334AD721-065B-432A-9A6E-1A373A9D6248}"
EndProject
Global
	GlobalSection(SolutionConfigurationPlatforms) = preSolution
		Debug|Any CPU = Debug|Any CPU
		Release|Any CPU = Release|Any CPU
	EndGlobalSection
	GlobalSection(ProjectConfigurationPlatforms) = postSolution
		{B4365B9B-F7E1-4692-9CFA-B1ED44983DFA}.Debug|Any CPU.ActiveCfg = Debug|Any CPU
		{B4365B9B-F7E1-4692-9CFA-B1ED44983DFA}.Debug|Any CPU.Build.0 = Debug|Any CPU
		{B4365B9B-F7E1-4692-9CFA-B1ED44983DFA}.Release|Any CPU.ActiveCfg = Release|Any CPU
		{B4365B9B-F7E1-4692-9CFA-B1ED44983DFA}.Release|Any CPU.Build.0 = Release|Any CPU
		{68A809F4-A742-479B-8B46-5DE435FB3B84}.Debug|Any CPU.ActiveCfg = Debug|Any CPU
		{68A809F4-A742-479B-8B46-5DE435FB3B84}.Debug|Any CPU.Build.0 = Debug|Any CPU
		{68A809F4-A742-479B-8B46-5DE435FB3B84}.Release|Any CPU.ActiveCfg = Release|Any CPU
		{68A809F4-A742-479B-8B46-5DE435FB3B84}.Release|Any CPU.Build.0 = Release|Any CPU
		{CAA9018D-6FE8-4E1C-A8DC-BA79C911C268}.Debug|Any CPU.ActiveCfg = Debug|Any CPU
		{CAA9018D-6FE8-4E1C-A8DC-BA79C911C268}.Debug|Any CPU.Build.0 = Debug|Any CPU
		{CAA9018D-6FE8-4E1C-A8DC-BA79C911C268}.Release|Any CPU.ActiveCfg = Release|Any CPU
		{CAA9018D-6FE8-4E1C-A8DC-BA79C911C268}.Release|Any CPU.Build.0 = Release|Any CPU
		{334AD721-065B-432A-9A6E-1A373A9D6248}.Debug|Any CPU.ActiveCfg = Debug|Any CPU
		{334AD721-065B-432A-9A6E-1A373A9D6248}.Debug|Any CPU.Build.0 = Debug|Any CPU
		{334AD721-065B-432A-9A6E-1A373A9D6248}.Release|Any CPU.ActiveCfg = Release|Any CPU
		{334AD721-065B-432A-9A6E-1A373A9D6248}.Release|Any CPU.Build.0 = Release|Any CPU
	EndGlobalSection
	GlobalSection(SolutionProperties) = preSolution
		HideSolutionNode = FALSE
	EndGlobalSection
	GlobalSection(ExtensibilityGlobals) = postSolution
		SolutionGuid = {FD313683-3FC6-469A-8EA5-D5BA3238FD65}
	EndGlobalSection
EndGlobal
